
Microsoft Visual Studio Solution File, Format Version 12.00
# Visual Studio Version 16
VisualStudioVersion = 16.0.30709.132
MinimumVisualStudioVersion = 10.0.40219.1
Project("{9A19103F-16F7-4668-BE54-9A1E7A4F7556}") = "ASPNET", "ASPNET\ASPNET.csproj", "{89DAED85-DADD-4B9B-87E7-10FE6B6CEA8C}"
EndProject
Project("{9A19103F-16F7-4668-BE54-9A1E7A4F7556}") = "Models", "Models\Models.csproj", "{6996BBA9-E24B-4848-B123-436CF52FE0BB}"
EndProject
Project("{9A19103F-16F7-4668-BE54-9A1E7A4F7556}") = "Data", "Data\Data.csproj", "{526111C2-AE65-4A0A-BF5E-14AE628BABD7}"
EndProject
Project("{FAE04EC0-301F-11D3-BF4B-00C04F79EFBC}") = "Repository", "Repository\Repository.csproj", "{5294B7ED-0130-4AAD-B5C9-78391355460A}"
EndProject
Global
	GlobalSection(SolutionConfigurationPlatforms) = preSolution
		Debug|Any CPU = Debug|Any CPU
		Release|Any CPU = Release|Any CPU
	EndGlobalSection
	GlobalSection(ProjectConfigurationPlatforms) = postSolution
		{89DAED85-DADD-4B9B-87E7-10FE6B6CEA8C}.Debug|Any CPU.ActiveCfg = Debug|Any CPU
		{89DAED85-DADD-4B9B-87E7-10FE6B6CEA8C}.Debug|Any CPU.Build.0 = Debug|Any CPU
		{89DAED85-DADD-4B9B-87E7-10FE6B6CEA8C}.Release|Any CPU.ActiveCfg = Release|Any CPU
		{89DAED85-DADD-4B9B-87E7-10FE6B6CEA8C}.Release|Any CPU.Build.0 = Release|Any CPU
		{6996BBA9-E24B-4848-B123-436CF52FE0BB}.Debug|Any CPU.ActiveCfg = Debug|Any CPU
		{6996BBA9-E24B-4848-B123-436CF52FE0BB}.Debug|Any CPU.Build.0 = Debug|Any CPU
		{6996BBA9-E24B-4848-B123-436CF52FE0BB}.Release|Any CPU.ActiveCfg = Release|Any CPU
		{6996BBA9-E24B-4848-B123-436CF52FE0BB}.Release|Any CPU.Build.0 = Release|Any CPU
		{526111C2-AE65-4A0A-BF5E-14AE628BABD7}.Debug|Any CPU.ActiveCfg = Debug|Any CPU
		{526111C2-AE65-4A0A-BF5E-14AE628BABD7}.Debug|Any CPU.Build.0 = Debug|Any CPU
		{526111C2-AE65-4A0A-BF5E-14AE628BABD7}.Release|Any CPU.ActiveCfg = Release|Any CPU
		{526111C2-AE65-4A0A-BF5E-14AE628BABD7}.Release|Any CPU.Build.0 = Release|Any CPU
		{5294B7ED-0130-4AAD-B5C9-78391355460A}.Debug|Any CPU.ActiveCfg = Debug|Any CPU
		{5294B7ED-0130-4AAD-B5C9-78391355460A}.Debug|Any CPU.Build.0 = Debug|Any CPU
		{5294B7ED-0130-4AAD-B5C9-78391355460A}.Release|Any CPU.ActiveCfg = Release|Any CPU
		{5294B7ED-0130-4AAD-B5C9-78391355460A}.Release|Any CPU.Build.0 = Release|Any CPU
	EndGlobalSection
	GlobalSection(SolutionProperties) = preSolution
		HideSolutionNode = FALSE
	EndGlobalSection
	GlobalSection(ExtensibilityGlobals) = postSolution
		SolutionGuid = {A9E5F228-2402-4AAA-9719-7A8167CCA4DE}
	EndGlobalSection
EndGlobal
